// !$*UTF8*$!
{
	archiveVersion = 1;
	classes = {
	};
	objectVersion = 46;
	objects = {

/* Begin PBXBuildFile section */
		8745D0ED1B9F8C9100B2228C /* main.cpp in Sources */ = {isa = PBXBuildFile; fileRef = 8745D0EC1B9F8C9100B2228C /* main.cpp */; };
/* End PBXBuildFile section */

/* Begin PBXCopyFilesBuildPhase section */
		8745D0E71B9F8C9100B2228C /* CopyFiles */ = {
			isa = PBXCopyFilesBuildPhase;
			buildActionMask = 2147483647;
			dstPath = /usr/share/man/man1/;
			dstSubfolderSpec = 0;
			files = (
			);
			runOnlyForDeploymentPostprocessing = 1;
		};
/* End PBXCopyFilesBuildPhase section */

/* Begin PBXFileReference section */
		872554D31BFE669600A8F169 /* enron-1-1000.txt */ = {isa = PBXFileReference; lastKnownFileType = text; path = "enron-1-1000.txt"; sourceTree = "<group>"; };
		872554D41BFE669600A8F169 /* enron-1-2000.txt */ = {isa = PBXFileReference; lastKnownFileType = text; path = "enron-1-2000.txt"; sourceTree = "<group>"; };
		872554D51BFE669600A8F169 /* enron-1-4000.txt */ = {isa = PBXFileReference; lastKnownFileType = text; path = "enron-1-4000.txt"; sourceTree = "<group>"; };
		872554D61BFE669600A8F169 /* enron-1-8000.txt */ = {isa = PBXFileReference; lastKnownFileType = text; path = "enron-1-8000.txt"; sourceTree = "<group>"; };
		872554D71BFE669600A8F169 /* enron-1-16000.txt */ = {isa = PBXFileReference; lastKnownFileType = text; path = "enron-1-16000.txt"; sourceTree = "<group>"; };
		872554D81BFE669600A8F169 /* enron-1-32000.txt */ = {isa = PBXFileReference; lastKnownFileType = text; path = "enron-1-32000.txt"; sourceTree = "<group>"; };
		872554D91BFE669600A8F169 /* enron-1-64000.txt */ = {isa = PBXFileReference; lastKnownFileType = text; path = "enron-1-64000.txt"; sourceTree = "<group>"; };
		872554DA1BFE669600A8F169 /* enron-1-cn-1000.txt */ = {isa = PBXFileReference; lastKnownFileType = text; path = "enron-1-cn-1000.txt"; sourceTree = "<group>"; };
		872554DB1BFE669600A8F169 /* enron-1-cn-2000.txt */ = {isa = PBXFileReference; lastKnownFileType = text; path = "enron-1-cn-2000.txt"; sourceTree = "<group>"; };
		872554DC1BFE669600A8F169 /* enron-1-cn-4000.txt */ = {isa = PBXFileReference; lastKnownFileType = text; path = "enron-1-cn-4000.txt"; sourceTree = "<group>"; };
		872554DD1BFE669600A8F169 /* enron-1-cn-8000.txt */ = {isa = PBXFileReference; lastKnownFileType = text; path = "enron-1-cn-8000.txt"; sourceTree = "<group>"; };
		872554DE1BFE669600A8F169 /* enron-1-cn-16000.txt */ = {isa = PBXFileReference; lastKnownFileType = text; path = "enron-1-cn-16000.txt"; sourceTree = "<group>"; };
		872554DF1BFE669600A8F169 /* enron-1-cn-32000.txt */ = {isa = PBXFileReference; lastKnownFileType = text; path = "enron-1-cn-32000.txt"; sourceTree = "<group>"; };
		872554E01BFE669600A8F169 /* enron-1-cn-64000.txt */ = {isa = PBXFileReference; lastKnownFileType = text; path = "enron-1-cn-64000.txt"; sourceTree = "<group>"; };
		872554E11BFE669600A8F169 /* enron-2-1000.txt */ = {isa = PBXFileReference; lastKnownFileType = text; path = "enron-2-1000.txt"; sourceTree = "<group>"; };
		872554E21BFE669600A8F169 /* enron-2-2000.txt */ = {isa = PBXFileReference; lastKnownFileType = text; path = "enron-2-2000.txt"; sourceTree = "<group>"; };
		872554E31BFE669600A8F169 /* enron-2-4000.txt */ = {isa = PBXFileReference; lastKnownFileType = text; path = "enron-2-4000.txt"; sourceTree = "<group>"; };
		872554E41BFE669600A8F169 /* enron-2-8000.txt */ = {isa = PBXFileReference; lastKnownFileType = text; path = "enron-2-8000.txt"; sourceTree = "<group>"; };
		872554E51BFE669600A8F169 /* enron-2-16000.txt */ = {isa = PBXFileReference; lastKnownFileType = text; path = "enron-2-16000.txt"; sourceTree = "<group>"; };
		872554E61BFE669600A8F169 /* enron-2-32000.txt */ = {isa = PBXFileReference; lastKnownFileType = text; path = "enron-2-32000.txt"; sourceTree = "<group>"; };
		872554E71BFE669600A8F169 /* enron-2-64000.txt */ = {isa = PBXFileReference; lastKnownFileType = text; path = "enron-2-64000.txt"; sourceTree = "<group>"; };
		872554E81BFE669600A8F169 /* enron-2-cn-1000.txt */ = {isa = PBXFileReference; lastKnownFileType = text; path = "enron-2-cn-1000.txt"; sourceTree = "<group>"; };
		872554E91BFE669600A8F169 /* enron-2-cn-2000.txt */ = {isa = PBXFileReference; lastKnownFileType = text; path = "enron-2-cn-2000.txt"; sourceTree = "<group>"; };
		872554EA1BFE669600A8F169 /* enron-2-cn-4000.txt */ = {isa = PBXFileReference; lastKnownFileType = text; path = "enron-2-cn-4000.txt"; sourceTree = "<group>"; };
		872554EB1BFE669600A8F169 /* enron-2-cn-8000.txt */ = {isa = PBXFileReference; lastKnownFileType = text; path = "enron-2-cn-8000.txt"; sourceTree = "<group>"; };
		872554EC1BFE669600A8F169 /* enron-2-cn-16000.txt */ = {isa = PBXFileReference; lastKnownFileType = text; path = "enron-2-cn-16000.txt"; sourceTree = "<group>"; };
		872554ED1BFE669600A8F169 /* enron-2-cn-32000.txt */ = {isa = PBXFileReference; lastKnownFileType = text; path = "enron-2-cn-32000.txt"; sourceTree = "<group>"; };
		872554EE1BFE669600A8F169 /* enron-2-cn-64000.txt */ = {isa = PBXFileReference; lastKnownFileType = text; path = "enron-2-cn-64000.txt"; sourceTree = "<group>"; };
		872554EF1BFE669600A8F169 /* enron-3-1000.txt */ = {isa = PBXFileReference; lastKnownFileType = text; path = "enron-3-1000.txt"; sourceTree = "<group>"; };
		872554F01BFE669600A8F169 /* enron-3-2000.txt */ = {isa = PBXFileReference; lastKnownFileType = text; path = "enron-3-2000.txt"; sourceTree = "<group>"; };
		872554F11BFE669600A8F169 /* enron-3-4000.txt */ = {isa = PBXFileReference; lastKnownFileType = text; path = "enron-3-4000.txt"; sourceTree = "<group>"; };
		872554F21BFE669600A8F169 /* enron-3-8000.txt */ = {isa = PBXFileReference; lastKnownFileType = text; path = "enron-3-8000.txt"; sourceTree = "<group>"; };
		872554F31BFE669600A8F169 /* enron-3-16000.txt */ = {isa = PBXFileReference; lastKnownFileType = text; path = "enron-3-16000.txt"; sourceTree = "<group>"; };
		872554F41BFE669600A8F169 /* enron-3-32000.txt */ = {isa = PBXFileReference; lastKnownFileType = text; path = "enron-3-32000.txt"; sourceTree = "<group>"; };
		872554F51BFE669600A8F169 /* enron-3-64000.txt */ = {isa = PBXFileReference; lastKnownFileType = text; path = "enron-3-64000.txt"; sourceTree = "<group>"; };
		872554F61BFE669600A8F169 /* enron-3-cn-1000.txt */ = {isa = PBXFileReference; lastKnownFileType = text; path = "enron-3-cn-1000.txt"; sourceTree = "<group>"; };
		872554F71BFE669600A8F169 /* enron-3-cn-2000.txt */ = {isa = PBXFileReference; lastKnownFileType = text; path = "enron-3-cn-2000.txt"; sourceTree = "<group>"; };
		872554F81BFE669600A8F169 /* enron-3-cn-4000.txt */ = {isa = PBXFileReference; lastKnownFileType = text; path = "enron-3-cn-4000.txt"; sourceTree = "<group>"; };
		872554F91BFE669600A8F169 /* enron-3-cn-8000.txt */ = {isa = PBXFileReference; lastKnownFileType = text; path = "enron-3-cn-8000.txt"; sourceTree = "<group>"; };
		872554FA1BFE669600A8F169 /* enron-3-cn-16000.txt */ = {isa = PBXFileReference; lastKnownFileType = text; path = "enron-3-cn-16000.txt"; sourceTree = "<group>"; };
		872554FB1BFE669600A8F169 /* enron-3-cn-32000.txt */ = {isa = PBXFileReference; lastKnownFileType = text; path = "enron-3-cn-32000.txt"; sourceTree = "<group>"; };
		872554FC1BFE669600A8F169 /* enron-3-cn-64000.txt */ = {isa = PBXFileReference; lastKnownFileType = text; path = "enron-3-cn-64000.txt"; sourceTree = "<group>"; };
		872554FD1BFE6DB100A8F169 /* enron-0.txt */ = {isa = PBXFileReference; fileEncoding = 4; lastKnownFileType = text; path = "enron-0.txt"; sourceTree = "<group>"; };
		8745D0E91B9F8C9100B2228C /* ClusteringCoefficient */ = {isa = PBXFileReference; explicitFileType = "compiled.mach-o.executable"; includeInIndex = 0; path = ClusteringCoefficient; sourceTree = BUILT_PRODUCTS_DIR; };
		8745D0EC1B9F8C9100B2228C /* main.cpp */ = {isa = PBXFileReference; lastKnownFileType = sourcecode.cpp.cpp; path = main.cpp; sourceTree = "<group>"; };
		8745D0F41B9F8CAB00B2228C /* main.h */ = {isa = PBXFileReference; fileEncoding = 4; lastKnownFileType = sourcecode.c.h; path = main.h; sourceTree = "<group>"; };
		87CEC50A1BFEE85800C5A33E /* ClusteringCoefficientTest.xctest */ = {isa = PBXFileReference; explicitFileType = wrapper.cfbundle; includeInIndex = 0; path = ClusteringCoefficientTest.xctest; sourceTree = BUILT_PRODUCTS_DIR; };
/* End PBXFileReference section */

/* Begin PBXFrameworksBuildPhase section */
		8745D0E61B9F8C9100B2228C /* Frameworks */ = {
			isa = PBXFrameworksBuildPhase;
			buildActionMask = 2147483647;
			files = (
			);
			runOnlyForDeploymentPostprocessing = 0;
		};
		87CEC5071BFEE85800C5A33E /* Frameworks */ = {
			isa = PBXFrameworksBuildPhase;
			buildActionMask = 2147483647;
			files = (
			);
			runOnlyForDeploymentPostprocessing = 0;
		};
/* End PBXFrameworksBuildPhase section */

/* Begin PBXGroup section */
		8745D0E01B9F8C9100B2228C = {
			isa = PBXGroup;
			children = (
				8745D0EB1B9F8C9100B2228C /* ClusteringCoefficient */,
				8745D0EA1B9F8C9100B2228C /* Products */,
			);
			sourceTree = "<group>";
		};
		8745D0EA1B9F8C9100B2228C /* Products */ = {
			isa = PBXGroup;
			children = (
				8745D0E91B9F8C9100B2228C /* ClusteringCoefficient */,
				87CEC50A1BFEE85800C5A33E /* ClusteringCoefficientTest.xctest */,
			);
			name = Products;
			sourceTree = "<group>";
		};
		8745D0EB1B9F8C9100B2228C /* ClusteringCoefficient */ = {
			isa = PBXGroup;
			children = (
				8745D0EC1B9F8C9100B2228C /* main.cpp */,
				8745D0F41B9F8CAB00B2228C /* main.h */,
				872554FD1BFE6DB100A8F169 /* enron-0.txt */,
				872554D31BFE669600A8F169 /* enron-1-1000.txt */,
				872554D41BFE669600A8F169 /* enron-1-2000.txt */,
				872554D51BFE669600A8F169 /* enron-1-4000.txt */,
				872554D61BFE669600A8F169 /* enron-1-8000.txt */,
				872554D71BFE669600A8F169 /* enron-1-16000.txt */,
				872554D81BFE669600A8F169 /* enron-1-32000.txt */,
				872554D91BFE669600A8F169 /* enron-1-64000.txt */,
				872554DA1BFE669600A8F169 /* enron-1-cn-1000.txt */,
				872554DB1BFE669600A8F169 /* enron-1-cn-2000.txt */,
				872554DC1BFE669600A8F169 /* enron-1-cn-4000.txt */,
				872554DD1BFE669600A8F169 /* enron-1-cn-8000.txt */,
				872554DE1BFE669600A8F169 /* enron-1-cn-16000.txt */,
				872554DF1BFE669600A8F169 /* enron-1-cn-32000.txt */,
				872554E01BFE669600A8F169 /* enron-1-cn-64000.txt */,
				872554E11BFE669600A8F169 /* enron-2-1000.txt */,
				872554E21BFE669600A8F169 /* enron-2-2000.txt */,
				872554E31BFE669600A8F169 /* enron-2-4000.txt */,
				872554E41BFE669600A8F169 /* enron-2-8000.txt */,
				872554E51BFE669600A8F169 /* enron-2-16000.txt */,
				872554E61BFE669600A8F169 /* enron-2-32000.txt */,
				872554E71BFE669600A8F169 /* enron-2-64000.txt */,
				872554E81BFE669600A8F169 /* enron-2-cn-1000.txt */,
				872554E91BFE669600A8F169 /* enron-2-cn-2000.txt */,
				872554EA1BFE669600A8F169 /* enron-2-cn-4000.txt */,
				872554EB1BFE669600A8F169 /* enron-2-cn-8000.txt */,
				872554EC1BFE669600A8F169 /* enron-2-cn-16000.txt */,
				872554ED1BFE669600A8F169 /* enron-2-cn-32000.txt */,
				872554EE1BFE669600A8F169 /* enron-2-cn-64000.txt */,
				872554EF1BFE669600A8F169 /* enron-3-1000.txt */,
				872554F01BFE669600A8F169 /* enron-3-2000.txt */,
				872554F11BFE669600A8F169 /* enron-3-4000.txt */,
				872554F21BFE669600A8F169 /* enron-3-8000.txt */,
				872554F31BFE669600A8F169 /* enron-3-16000.txt */,
				872554F41BFE669600A8F169 /* enron-3-32000.txt */,
				872554F51BFE669600A8F169 /* enron-3-64000.txt */,
				872554F61BFE669600A8F169 /* enron-3-cn-1000.txt */,
				872554F71BFE669600A8F169 /* enron-3-cn-2000.txt */,
				872554F81BFE669600A8F169 /* enron-3-cn-4000.txt */,
				872554F91BFE669600A8F169 /* enron-3-cn-8000.txt */,
				872554FA1BFE669600A8F169 /* enron-3-cn-16000.txt */,
				872554FB1BFE669600A8F169 /* enron-3-cn-32000.txt */,
				872554FC1BFE669600A8F169 /* enron-3-cn-64000.txt */,
			);
			path = ClusteringCoefficient;
			sourceTree = "<group>";
		};
/* End PBXGroup section */

/* Begin PBXNativeTarget section */
		8745D0E81B9F8C9100B2228C /* ClusteringCoefficient */ = {
			isa = PBXNativeTarget;
			buildConfigurationList = 8745D0F01B9F8C9100B2228C /* Build configuration list for PBXNativeTarget "ClusteringCoefficient" */;
			buildPhases = (
				8745D0E51B9F8C9100B2228C /* Sources */,
				8745D0E61B9F8C9100B2228C /* Frameworks */,
				8745D0E71B9F8C9100B2228C /* CopyFiles */,
			);
			buildRules = (
			);
			dependencies = (
			);
			name = ClusteringCoefficient;
			productName = ClusteringCoefficient;
			productReference = 8745D0E91B9F8C9100B2228C /* ClusteringCoefficient */;
			productType = "com.apple.product-type.tool";
		};
		87CEC5091BFEE85800C5A33E /* ClusteringCoefficientTest */ = {
			isa = PBXNativeTarget;
			buildConfigurationList = 87CEC5111BFEE85800C5A33E /* Build configuration list for PBXNativeTarget "ClusteringCoefficientTest" */;
			buildPhases = (
				87CEC5061BFEE85800C5A33E /* Sources */,
				87CEC5071BFEE85800C5A33E /* Frameworks */,
				87CEC5081BFEE85800C5A33E /* Resources */,
			);
			buildRules = (
			);
			dependencies = (
			);
			name = ClusteringCoefficientTest;
			productName = ClusteringCoefficientTest;
			productReference = 87CEC50A1BFEE85800C5A33E /* ClusteringCoefficientTest.xctest */;
			productType = "com.apple.product-type.bundle.ui-testing";
		};
/* End PBXNativeTarget section */

/* Begin PBXProject section */
		8745D0E11B9F8C9100B2228C /* Project object */ = {
			isa = PBXProject;
			attributes = {
				LastUpgradeCheck = 0700;
				ORGANIZATIONNAME = "Abdullah Giray YAGLIKCI";
				TargetAttributes = {
					8745D0E81B9F8C9100B2228C = {
						CreatedOnToolsVersion = 6.4;
					};
					87CEC5091BFEE85800C5A33E = {
						CreatedOnToolsVersion = 7.0.1;
					};
				};
			};
			buildConfigurationList = 8745D0E41B9F8C9100B2228C /* Build configuration list for PBXProject "ClusteringCoefficient" */;
			compatibilityVersion = "Xcode 3.2";
			developmentRegion = English;
			hasScannedForEncodings = 0;
			knownRegions = (
				en,
			);
			mainGroup = 8745D0E01B9F8C9100B2228C;
			productRefGroup = 8745D0EA1B9F8C9100B2228C /* Products */;
			projectDirPath = "";
			projectRoot = "";
			targets = (
				8745D0E81B9F8C9100B2228C /* ClusteringCoefficient */,
				87CEC5091BFEE85800C5A33E /* ClusteringCoefficientTest */,
			);
		};
/* End PBXProject section */

/* Begin PBXResourcesBuildPhase section */
		87CEC5081BFEE85800C5A33E /* Resources */ = {
			isa = PBXResourcesBuildPhase;
			buildActionMask = 2147483647;
			files = (
			);
			runOnlyForDeploymentPostprocessing = 0;
		};
/* End PBXResourcesBuildPhase section */

/* Begin PBXSourcesBuildPhase section */
		8745D0E51B9F8C9100B2228C /* Sources */ = {
			isa = PBXSourcesBuildPhase;
			buildActionMask = 2147483647;
			files = (
				8745D0ED1B9F8C9100B2228C /* main.cpp in Sources */,
			);
			runOnlyForDeploymentPostprocessing = 0;
		};
		87CEC5061BFEE85800C5A33E /* Sources */ = {
			isa = PBXSourcesBuildPhase;
			buildActionMask = 2147483647;
			files = (
			);
			runOnlyForDeploymentPostprocessing = 0;
		};
/* End PBXSourcesBuildPhase section */

/* Begin XCBuildConfiguration section */
		8745D0EE1B9F8C9100B2228C /* Debug */ = {
			isa = XCBuildConfiguration;
			buildSettings = {
				ALWAYS_SEARCH_USER_PATHS = NO;
				CLANG_CXX_LANGUAGE_STANDARD = "compiler-default";
				CLANG_CXX_LIBRARY = "compiler-default";
				CLANG_ENABLE_MODULES = YES;
				CLANG_ENABLE_OBJC_ARC = YES;
				CLANG_WARN_BOOL_CONVERSION = YES;
				CLANG_WARN_CONSTANT_CONVERSION = YES;
				CLANG_WARN_DIRECT_OBJC_ISA_USAGE = YES_ERROR;
				CLANG_WARN_EMPTY_BODY = YES;
				CLANG_WARN_ENUM_CONVERSION = YES;
				CLANG_WARN_INT_CONVERSION = YES;
				CLANG_WARN_OBJC_ROOT_CLASS = YES_ERROR;
				CLANG_WARN_UNREACHABLE_CODE = YES;
				CLANG_WARN__DUPLICATE_METHOD_MATCH = YES;
				COPY_PHASE_STRIP = NO;
				DEBUG_INFORMATION_FORMAT = dwarf;
				ENABLE_STRICT_OBJC_MSGSEND = YES;
				GCC_C_LANGUAGE_STANDARD = "compiler-default";
				GCC_DYNAMIC_NO_PIC = NO;
				GCC_NO_COMMON_BLOCKS = YES;
				GCC_OPTIMIZATION_LEVEL = 0;
				GCC_PREPROCESSOR_DEFINITIONS = (
					"DEBUG=1",
					"$(inherited)",
				);
				GCC_SYMBOLS_PRIVATE_EXTERN = NO;
				GCC_WARN_64_TO_32_BIT_CONVERSION = YES;
				GCC_WARN_ABOUT_RETURN_TYPE = YES_ERROR;
				GCC_WARN_UNDECLARED_SELECTOR = YES;
				GCC_WARN_UNINITIALIZED_AUTOS = YES_AGGRESSIVE;
				GCC_WARN_UNUSED_FUNCTION = YES;
				GCC_WARN_UNUSED_VARIABLE = YES;
				MACOSX_DEPLOYMENT_TARGET = 10.10;
				MTL_ENABLE_DEBUG_INFO = YES;
				ONLY_ACTIVE_ARCH = YES;
				SDKROOT = macosx;
			};
			name = Debug;
		};
		8745D0EF1B9F8C9100B2228C /* Release */ = {
			isa = XCBuildConfiguration;
			buildSettings = {
				ALWAYS_SEARCH_USER_PATHS = NO;
				CLANG_CXX_LANGUAGE_STANDARD = "compiler-default";
				CLANG_CXX_LIBRARY = "compiler-default";
				CLANG_ENABLE_MODULES = YES;
				CLANG_ENABLE_OBJC_ARC = YES;
				CLANG_WARN_BOOL_CONVERSION = YES;
				CLANG_WARN_CONSTANT_CONVERSION = YES;
				CLANG_WARN_DIRECT_OBJC_ISA_USAGE = YES_ERROR;
				CLANG_WARN_EMPTY_BODY = YES;
				CLANG_WARN_ENUM_CONVERSION = YES;
				CLANG_WARN_INT_CONVERSION = YES;
				CLANG_WARN_OBJC_ROOT_CLASS = YES_ERROR;
				CLANG_WARN_UNREACHABLE_CODE = YES;
				CLANG_WARN__DUPLICATE_METHOD_MATCH = YES;
				COPY_PHASE_STRIP = NO;
				DEBUG_INFORMATION_FORMAT = "dwarf-with-dsym";
				ENABLE_NS_ASSERTIONS = NO;
				ENABLE_STRICT_OBJC_MSGSEND = YES;
				GCC_C_LANGUAGE_STANDARD = "compiler-default";
				GCC_NO_COMMON_BLOCKS = YES;
				GCC_WARN_64_TO_32_BIT_CONVERSION = YES;
				GCC_WARN_ABOUT_RETURN_TYPE = YES_ERROR;
				GCC_WARN_UNDECLARED_SELECTOR = YES;
				GCC_WARN_UNINITIALIZED_AUTOS = YES_AGGRESSIVE;
				GCC_WARN_UNUSED_FUNCTION = YES;
				GCC_WARN_UNUSED_VARIABLE = YES;
				MACOSX_DEPLOYMENT_TARGET = 10.10;
				MTL_ENABLE_DEBUG_INFO = NO;
				SDKROOT = macosx;
			};
			name = Release;
		};
		8745D0F11B9F8C9100B2228C /* Debug */ = {
			isa = XCBuildConfiguration;
			buildSettings = {
				OTHER_CFLAGS = "-O3";
				"OTHER_CFLAGS[arch=*]" = "-I/usr/local/Cellar/boost/1.58.0/include";
				PRODUCT_NAME = "$(TARGET_NAME)";
			};
			name = Debug;
		};
		8745D0F21B9F8C9100B2228C /* Release */ = {
			isa = XCBuildConfiguration;
			buildSettings = {
				OTHER_CFLAGS = "-O3";
				"OTHER_CFLAGS[arch=*]" = "-I/usr/local/Cellar/boost/1.58.0/include";
				PRODUCT_NAME = "$(TARGET_NAME)";
			};
			name = Release;
		};
		87CEC50F1BFEE85800C5A33E /* Debug */ = {
			isa = XCBuildConfiguration;
			buildSettings = {
				CLANG_CXX_LANGUAGE_STANDARD = "gnu++0x";
				CLANG_CXX_LIBRARY = "libc++";
				COMBINE_HIDPI_IMAGES = YES;
				ENABLE_TESTABILITY = YES;
				GCC_C_LANGUAGE_STANDARD = gnu99;
				INFOPLIST_FILE = ClusteringCoefficientTest/Info.plist;
				LD_RUNPATH_SEARCH_PATHS = "$(inherited) @executable_path/../Frameworks @loader_path/../Frameworks";
				MACOSX_DEPLOYMENT_TARGET = 10.11;
				PRODUCT_BUNDLE_IDENTIFIER = edu.nd.ClusteringCoefficientTest;
				PRODUCT_NAME = "$(TARGET_NAME)";
				SWIFT_OPTIMIZATION_LEVEL = "-Onone";
			};
			name = Debug;
		};
		87CEC5101BFEE85800C5A33E /* Release */ = {
			isa = XCBuildConfiguration;
			buildSettings = {
				CLANG_CXX_LANGUAGE_STANDARD = "gnu++0x";
				CLANG_CXX_LIBRARY = "libc++";
				COMBINE_HIDPI_IMAGES = YES;
				GCC_C_LANGUAGE_STANDARD = gnu99;
				INFOPLIST_FILE = ClusteringCoefficientTest/Info.plist;
				LD_RUNPATH_SEARCH_PATHS = "$(inherited) @executable_path/../Frameworks @loader_path/../Frameworks";
				MACOSX_DEPLOYMENT_TARGET = 10.11;
				PRODUCT_BUNDLE_IDENTIFIER = edu.nd.ClusteringCoefficientTest;
				PRODUCT_NAME = "$(TARGET_NAME)";
			};
			name = Release;
		};
/* End XCBuildConfiguration section */

/* Begin XCConfigurationList section */
		8745D0E41B9F8C9100B2228C /* Build configuration list for PBXProject "ClusteringCoefficient" */ = {
			isa = XCConfigurationList;
			buildConfigurations = (
				8745D0EE1B9F8C9100B2228C /* Debug */,
				8745D0EF1B9F8C9100B2228C /* Release */,
			);
			defaultConfigurationIsVisible = 0;
			defaultConfigurationName = Release;
		};
		8745D0F01B9F8C9100B2228C /* Build configuration list for PBXNativeTarget "ClusteringCoefficient" */ = {
			isa = XCConfigurationList;
			buildConfigurations = (
				8745D0F11B9F8C9100B2228C /* Debug */,
				8745D0F21B9F8C9100B2228C /* Release */,
			);
			defaultConfigurationIsVisible = 0;
			defaultConfigurationName = Release;
		};
		87CEC5111BFEE85800C5A33E /* Build configuration list for PBXNativeTarget "ClusteringCoefficientTest" */ = {
			isa = XCConfigurationList;
			buildConfigurations = (
				87CEC50F1BFEE85800C5A33E /* Debug */,
				87CEC5101BFEE85800C5A33E /* Release */,
			);
			defaultConfigurationIsVisible = 0;
		};
/* End XCConfigurationList section */
	};
	rootObject = 8745D0E11B9F8C9100B2228C /* Project object */;
}
